{
	"name": "svelte-undo",
	"version": "1.0.3",
	"lockfileVersion": 3,
	"requires": true,
	"packages": {
		"": {
			"name": "svelte-undo",
			"version": "1.0.3",
			"license": "MIT",
			"devDependencies": {
				"prettier": "^3.2.4",
				"svelte": "^4",
				"uvu": "^0.5.6"
			},
			"peerDependencies": {
				"svelte": "^3 || ^4"
			}
		},
		"node_modules/@ampproject/remapping": {
			"version": "2.2.1",
			"dev": true,
			"license": "Apache-2.0",
			"dependencies": {
				"@jridgewell/gen-mapping": "^0.3.0",
				"@jridgewell/trace-mapping": "^0.3.9"
			},
			"engines": {
				"node": ">=6.0.0"
			}
		},
		"node_modules/@jridgewell/gen-mapping": {
			"version": "0.3.3",
			"dev": true,
			"license": "MIT",
			"dependencies": {
				"@jridgewell/set-array": "^1.0.1",
				"@jridgewell/sourcemap-codec": "^1.4.10",
				"@jridgewell/trace-mapping": "^0.3.9"
			},
			"engines": {
				"node": ">=6.0.0"
			}
		},
		"node_modules/@jridgewell/resolve-uri": {
			"version": "3.1.1",
			"dev": true,
			"license": "MIT",
			"engines": {
				"node": ">=6.0.0"
			}
		},
		"node_modules/@jridgewell/set-array": {
			"version": "1.1.2",
			"dev": true,
			"license": "MIT",
			"engines": {
				"node": ">=6.0.0"
			}
		},
		"node_modules/@jridgewell/sourcemap-codec": {
			"version": "1.4.15",
			"dev": true,
			"license": "MIT"
		},
		"node_modules/@jridgewell/trace-mapping": {
			"version": "0.3.21",
			"dev": true,
			"license": "MIT",
			"dependencies": {
				"@jridgewell/resolve-uri": "^3.1.0",
				"@jridgewell/sourcemap-codec": "^1.4.14"
			}
		},
		"node_modules/@types/estree": {
			"version": "1.0.5",
			"dev": true,
			"license": "MIT"
		},
		"node_modules/acorn": {
			"version": "8.11.3",
			"dev": true,
			"license": "MIT",
			"bin": {
				"acorn": "bin/acorn"
			},
			"engines": {
				"node": ">=0.4.0"
			}
		},
		"node_modules/aria-query": {
			"version": "5.3.0",
			"dev": true,
			"license": "Apache-2.0",
			"dependencies": {
				"dequal": "^2.0.3"
			}
		},
		"node_modules/axobject-query": {
			"version": "4.0.0",
			"dev": true,
			"license": "Apache-2.0",
			"dependencies": {
				"dequal": "^2.0.3"
			}
		},
		"node_modules/code-red": {
			"version": "1.0.4",
			"dev": true,
			"license": "MIT",
			"dependencies": {
				"@jridgewell/sourcemap-codec": "^1.4.15",
				"@types/estree": "^1.0.1",
				"acorn": "^8.10.0",
				"estree-walker": "^3.0.3",
				"periscopic": "^3.1.0"
			}
		},
		"node_modules/css-tree": {
			"version": "2.3.1",
			"dev": true,
			"license": "MIT",
			"dependencies": {
				"mdn-data": "2.0.30",
				"source-map-js": "^1.0.1"
			},
			"engines": {
				"node": "^10 || ^12.20.0 || ^14.13.0 || >=15.0.0"
			}
		},
		"node_modules/dequal": {
			"version": "2.0.3",
			"dev": true,
			"license": "MIT",
			"engines": {
				"node": ">=6"
			}
		},
		"node_modules/diff": {
			"version": "5.0.0",
			"dev": true,
			"license": "BSD-3-Clause",
			"engines": {
				"node": ">=0.3.1"
			}
		},
		"node_modules/estree-walker": {
			"version": "3.0.3",
			"dev": true,
			"license": "MIT",
			"dependencies": {
				"@types/estree": "^1.0.0"
			}
		},
		"node_modules/is-reference": {
			"version": "3.0.2",
			"dev": true,
			"license": "MIT",
			"dependencies": {
				"@types/estree": "*"
			}
		},
		"node_modules/kleur": {
			"version": "4.1.4",
			"dev": true,
			"license": "MIT",
			"engines": {
				"node": ">=6"
			}
		},
		"node_modules/locate-character": {
			"version": "3.0.0",
			"dev": true,
			"license": "MIT"
		},
		"node_modules/magic-string": {
			"version": "0.30.5",
			"dev": true,
			"license": "MIT",
			"dependencies": {
				"@jridgewell/sourcemap-codec": "^1.4.15"
			},
			"engines": {
				"node": ">=12"
			}
		},
		"node_modules/mdn-data": {
			"version": "2.0.30",
			"dev": true,
			"license": "CC0-1.0"
		},
		"node_modules/mri": {
			"version": "1.1.6",
			"dev": true,
			"license": "MIT",
			"engines": {
				"node": ">=4"
			}
		},
		"node_modules/periscopic": {
			"version": "3.1.0",
			"dev": true,
			"license": "MIT",
			"dependencies": {
				"@types/estree": "^1.0.0",
				"estree-walker": "^3.0.0",
				"is-reference": "^3.0.0"
			}
		},
		"node_modules/prettier": {
			"version": "3.2.4",
			"dev": true,
			"license": "MIT",
			"bin": {
				"prettier": "bin/prettier.cjs"
			},
			"engines": {
				"node": ">=14"
			},
			"funding": {
				"url": "https://github.com/prettier/prettier?sponsor=1"
			}
		},
		"node_modules/sade": {
			"version": "1.7.4",
			"dev": true,
			"license": "MIT",
			"dependencies": {
				"mri": "^1.1.0"
			},
			"engines": {
				"node": ">= 6"
			}
		},
		"node_modules/source-map-js": {
			"version": "1.0.2",
			"dev": true,
			"license": "BSD-3-Clause",
			"engines": {
				"node": ">=0.10.0"
			}
		},
		"node_modules/svelte": {
			"version": "4.2.9",
			"dev": true,
			"license": "MIT",
			"dependencies": {
				"@ampproject/remapping": "^2.2.1",
				"@jridgewell/sourcemap-codec": "^1.4.15",
				"@jridgewell/trace-mapping": "^0.3.18",
				"@types/estree": "^1.0.1",
				"acorn": "^8.9.0",
				"aria-query": "^5.3.0",
				"axobject-query": "^4.0.0",
				"code-red": "^1.0.3",
				"css-tree": "^2.3.1",
				"estree-walker": "^3.0.3",
				"is-reference": "^3.0.1",
				"locate-character": "^3.0.0",
				"magic-string": "^0.30.4",
				"periscopic": "^3.1.0"
			},
			"engines": {
				"node": ">=16"
			}
		},
		"node_modules/uvu": {
			"version": "0.5.6",
			"dev": true,
			"license": "MIT",
			"dependencies": {
				"dequal": "^2.0.0",
				"diff": "^5.0.0",
				"kleur": "^4.0.3",
				"sade": "^1.7.3"
			},
			"bin": {
				"uvu": "bin.js"
			},
			"engines": {
				"node": ">=8"
			}
		}
	}
}
